
Microsoft Visual Studio Solution File, Format Version 12.00
# Visual Studio 2012
Project("{9092AA53-FB77-4645-B42D-1CCCA6BD08BD}") = "p2", "p2\p2.njsproj", "{E186AAC7-2853-4CC6-AE11-3238C78CF793}"
EndProject
Global
	GlobalSection(SolutionConfigurationPlatforms) = preSolution
		Debug|Any CPU = Debug|Any CPU
		Release|Any CPU = Release|Any CPU
	EndGlobalSection
	GlobalSection(ProjectConfigurationPlatforms) = postSolution
		{E186AAC7-2853-4CC6-AE11-3238C78CF793}.Debug|Any CPU.ActiveCfg = Debug|Any CPU
		{E186AAC7-2853-4CC6-AE11-3238C78CF793}.Debug|Any CPU.Build.0 = Debug|Any CPU
		{E186AAC7-2853-4CC6-AE11-3238C78CF793}.Release|Any CPU.ActiveCfg = Release|Any CPU
		{E186AAC7-2853-4CC6-AE11-3238C78CF793}.Release|Any CPU.Build.0 = Release|Any CPU
	EndGlobalSection
	GlobalSection(SolutionProperties) = preSolution
		HideSolutionNode = FALSE
	EndGlobalSection
EndGlobal
