
Microsoft Visual Studio Solution File, Format Version 12.00
# Visual Studio 2012
Project("{9092AA53-FB77-4645-B42D-1CCCA6BD08BD}") = "p5", "p5\p5.njsproj", "{5DF62935-4212-4195-8D18-4911A7CDF2D2}"
EndProject
Global
	GlobalSection(SolutionConfigurationPlatforms) = preSolution
		Debug|Any CPU = Debug|Any CPU
		Release|Any CPU = Release|Any CPU
	EndGlobalSection
	GlobalSection(ProjectConfigurationPlatforms) = postSolution
		{5DF62935-4212-4195-8D18-4911A7CDF2D2}.Debug|Any CPU.ActiveCfg = Debug|Any CPU
		{5DF62935-4212-4195-8D18-4911A7CDF2D2}.Debug|Any CPU.Build.0 = Debug|Any CPU
		{5DF62935-4212-4195-8D18-4911A7CDF2D2}.Release|Any CPU.ActiveCfg = Release|Any CPU
		{5DF62935-4212-4195-8D18-4911A7CDF2D2}.Release|Any CPU.Build.0 = Release|Any CPU
	EndGlobalSection
	GlobalSection(SolutionProperties) = preSolution
		HideSolutionNode = FALSE
	EndGlobalSection
EndGlobal
