
Microsoft Visual Studio Solution File, Format Version 12.00
# Visual Studio 2012
Project("{9092AA53-FB77-4645-B42D-1CCCA6BD08BD}") = "p4", "p4\p4.njsproj", "{39D76607-6BA8-4B90-98AC-5F63ED4825A3}"
EndProject
Global
	GlobalSection(SolutionConfigurationPlatforms) = preSolution
		Debug|Any CPU = Debug|Any CPU
		Release|Any CPU = Release|Any CPU
	EndGlobalSection
	GlobalSection(ProjectConfigurationPlatforms) = postSolution
		{39D76607-6BA8-4B90-98AC-5F63ED4825A3}.Debug|Any CPU.ActiveCfg = Debug|Any CPU
		{39D76607-6BA8-4B90-98AC-5F63ED4825A3}.Debug|Any CPU.Build.0 = Debug|Any CPU
		{39D76607-6BA8-4B90-98AC-5F63ED4825A3}.Release|Any CPU.ActiveCfg = Release|Any CPU
		{39D76607-6BA8-4B90-98AC-5F63ED4825A3}.Release|Any CPU.Build.0 = Release|Any CPU
	EndGlobalSection
	GlobalSection(SolutionProperties) = preSolution
		HideSolutionNode = FALSE
	EndGlobalSection
EndGlobal
